
Microsoft Visual Studio Solution File, Format Version 11.00
# Visual Studio 2010
Project("{FAE04EC0-301F-11D3-BF4B-00C04F79EFBC}") = "DotNetRocks.FluentSPRibbon", "DotNetRocks.FluentSPRibbon\DotNetRocks.FluentSPRibbon.csproj", "{B909A67D-6B74-4E08-BE52-FCC79FBF3D4D}"
EndProject
Project("{FAE04EC0-301F-11D3-BF4B-00C04F79EFBC}") = "DotNetRocks.FluentSPRibbon.Tests", "DotNetRocks.FluentSPRibbon.Tests\DotNetRocks.FluentSPRibbon.Tests.csproj", "{8D760DC3-C867-4104-B225-82EDAA54A056}"
EndProject
Project("{2150E333-8FDC-42A3-9474-1A3956D46DE8}") = "Libs", "Libs", "{2BF5CF18-6461-4FC5-8D56-D8E2F260F92A}"
	ProjectSection(SolutionItems) = preProject
		Libs\nunit.framework.dll = Libs\nunit.framework.dll
	EndProjectSection
EndProject
Global
	GlobalSection(TestCaseManagementSettings) = postSolution
		CategoryFile = DotNetRocks.SharePoint.FluentRibbon.vsmdi
	EndGlobalSection
	GlobalSection(SolutionConfigurationPlatforms) = preSolution
		Debug|Any CPU = Debug|Any CPU
		Release|Any CPU = Release|Any CPU
	EndGlobalSection
	GlobalSection(ProjectConfigurationPlatforms) = postSolution
		{B909A67D-6B74-4E08-BE52-FCC79FBF3D4D}.Debug|Any CPU.ActiveCfg = Debug|Any CPU
		{B909A67D-6B74-4E08-BE52-FCC79FBF3D4D}.Debug|Any CPU.Build.0 = Debug|Any CPU
		{B909A67D-6B74-4E08-BE52-FCC79FBF3D4D}.Release|Any CPU.ActiveCfg = Release|Any CPU
		{B909A67D-6B74-4E08-BE52-FCC79FBF3D4D}.Release|Any CPU.Build.0 = Release|Any CPU
		{8D760DC3-C867-4104-B225-82EDAA54A056}.Debug|Any CPU.ActiveCfg = Debug|Any CPU
		{8D760DC3-C867-4104-B225-82EDAA54A056}.Debug|Any CPU.Build.0 = Debug|Any CPU
		{8D760DC3-C867-4104-B225-82EDAA54A056}.Release|Any CPU.ActiveCfg = Release|Any CPU
		{8D760DC3-C867-4104-B225-82EDAA54A056}.Release|Any CPU.Build.0 = Release|Any CPU
	EndGlobalSection
	GlobalSection(SolutionProperties) = preSolution
		HideSolutionNode = FALSE
	EndGlobalSection
EndGlobal
