
Microsoft Visual Studio Solution File, Format Version 11.00
# Visual Studio 2010
Project("{FAE04EC0-301F-11D3-BF4B-00C04F79EFBC}") = "DotNetRocks.FluentSPRibbon", "DotNetRocks.FluentSPRibbon\DotNetRocks.FluentSPRibbon.csproj", "{B909A67D-6B74-4E08-BE52-FCC79FBF3D4D}"
EndProject
Project("{FAE04EC0-301F-11D3-BF4B-00C04F79EFBC}") = "DotNetRocks.FluentSPRibbon.Tests", "DotNetRocks.FluentSPRibbon.Tests\DotNetRocks.FluentSPRibbon.Tests.csproj", "{8D760DC3-C867-4104-B225-82EDAA54A056}"
EndProject
Project("{2150E333-8FDC-42A3-9474-1A3956D46DE8}") = "Libs", "Libs", "{2BF5CF18-6461-4FC5-8D56-D8E2F260F92A}"
	ProjectSection(SolutionItems) = preProject
		Libs\nunit.framework.dll = Libs\nunit.framework.dll
	EndProjectSection
EndProject
Project("{FAE04EC0-301F-11D3-BF4B-00C04F79EFBC}") = "DotNetRocks.FluentSPRibbon.NUnit", "DotNetRocks.FluentSPRibbon.NUnit\DotNetRocks.FluentSPRibbon.NUnit.csproj", "{320B2364-A3E9-4277-ADA0-2DD23A702755}"
EndProject
Project("{FAE04EC0-301F-11D3-BF4B-00C04F79EFBC}") = "DotNetRocks.FluentSPRibbon.NUnit.Tests", "DotNetRocks.FluentSPRibbon.NUnit.Tests\DotNetRocks.FluentSPRibbon.NUnit.Tests.csproj", "{56EB7844-6742-400F-9C81-12923CEBB1A3}"
EndProject
Project("{2150E333-8FDC-42A3-9474-1A3956D46DE8}") = "Core", "Core", "{BB6EBE79-BD8E-462D-BCD5-758104A702E4}"
EndProject
Project("{2150E333-8FDC-42A3-9474-1A3956D46DE8}") = "SharePointIntegration", "SharePointIntegration", "{C454CB0F-C1B9-446D-A5A6-FA34B14DFA4F}"
EndProject
Project("{2150E333-8FDC-42A3-9474-1A3956D46DE8}") = "NUnitIntegration", "NUnitIntegration", "{978446C9-EC9C-44D7-8F04-63B8B9F8C4B7}"
EndProject
Project("{2150E333-8FDC-42A3-9474-1A3956D46DE8}") = "Testing", "Testing", "{6EF1999B-8ED2-42A3-98B0-2A36D0A139B7}"
EndProject
Project("{FAE04EC0-301F-11D3-BF4B-00C04F79EFBC}") = "FluentSPRibbon.Test.Console", "FluentSPRibbon.Test.Console\FluentSPRibbon.Test.Console.csproj", "{6F201229-CD7B-4B09-8DA4-A5BAFDC89F24}"
EndProject
Global
	GlobalSection(SolutionConfigurationPlatforms) = preSolution
		Debug|Any CPU = Debug|Any CPU
		Debug|Mixed Platforms = Debug|Mixed Platforms
		Debug|x86 = Debug|x86
		Release|Any CPU = Release|Any CPU
		Release|Mixed Platforms = Release|Mixed Platforms
		Release|x86 = Release|x86
	EndGlobalSection
	GlobalSection(ProjectConfigurationPlatforms) = postSolution
		{B909A67D-6B74-4E08-BE52-FCC79FBF3D4D}.Debug|Any CPU.ActiveCfg = Debug|Any CPU
		{B909A67D-6B74-4E08-BE52-FCC79FBF3D4D}.Debug|Any CPU.Build.0 = Debug|Any CPU
		{B909A67D-6B74-4E08-BE52-FCC79FBF3D4D}.Debug|Mixed Platforms.ActiveCfg = Debug|Any CPU
		{B909A67D-6B74-4E08-BE52-FCC79FBF3D4D}.Debug|Mixed Platforms.Build.0 = Debug|Any CPU
		{B909A67D-6B74-4E08-BE52-FCC79FBF3D4D}.Debug|x86.ActiveCfg = Debug|Any CPU
		{B909A67D-6B74-4E08-BE52-FCC79FBF3D4D}.Release|Any CPU.ActiveCfg = Release|Any CPU
		{B909A67D-6B74-4E08-BE52-FCC79FBF3D4D}.Release|Any CPU.Build.0 = Release|Any CPU
		{B909A67D-6B74-4E08-BE52-FCC79FBF3D4D}.Release|Mixed Platforms.ActiveCfg = Release|Any CPU
		{B909A67D-6B74-4E08-BE52-FCC79FBF3D4D}.Release|Mixed Platforms.Build.0 = Release|Any CPU
		{B909A67D-6B74-4E08-BE52-FCC79FBF3D4D}.Release|x86.ActiveCfg = Release|Any CPU
		{8D760DC3-C867-4104-B225-82EDAA54A056}.Debug|Any CPU.ActiveCfg = Debug|Any CPU
		{8D760DC3-C867-4104-B225-82EDAA54A056}.Debug|Any CPU.Build.0 = Debug|Any CPU
		{8D760DC3-C867-4104-B225-82EDAA54A056}.Debug|Mixed Platforms.ActiveCfg = Debug|Any CPU
		{8D760DC3-C867-4104-B225-82EDAA54A056}.Debug|Mixed Platforms.Build.0 = Debug|Any CPU
		{8D760DC3-C867-4104-B225-82EDAA54A056}.Debug|x86.ActiveCfg = Debug|Any CPU
		{8D760DC3-C867-4104-B225-82EDAA54A056}.Release|Any CPU.ActiveCfg = Release|Any CPU
		{8D760DC3-C867-4104-B225-82EDAA54A056}.Release|Any CPU.Build.0 = Release|Any CPU
		{8D760DC3-C867-4104-B225-82EDAA54A056}.Release|Mixed Platforms.ActiveCfg = Release|Any CPU
		{8D760DC3-C867-4104-B225-82EDAA54A056}.Release|Mixed Platforms.Build.0 = Release|Any CPU
		{8D760DC3-C867-4104-B225-82EDAA54A056}.Release|x86.ActiveCfg = Release|Any CPU
		{320B2364-A3E9-4277-ADA0-2DD23A702755}.Debug|Any CPU.ActiveCfg = Debug|Any CPU
		{320B2364-A3E9-4277-ADA0-2DD23A702755}.Debug|Any CPU.Build.0 = Debug|Any CPU
		{320B2364-A3E9-4277-ADA0-2DD23A702755}.Debug|Mixed Platforms.ActiveCfg = Debug|Any CPU
		{320B2364-A3E9-4277-ADA0-2DD23A702755}.Debug|Mixed Platforms.Build.0 = Debug|Any CPU
		{320B2364-A3E9-4277-ADA0-2DD23A702755}.Debug|x86.ActiveCfg = Debug|Any CPU
		{320B2364-A3E9-4277-ADA0-2DD23A702755}.Release|Any CPU.ActiveCfg = Release|Any CPU
		{320B2364-A3E9-4277-ADA0-2DD23A702755}.Release|Any CPU.Build.0 = Release|Any CPU
		{320B2364-A3E9-4277-ADA0-2DD23A702755}.Release|Mixed Platforms.ActiveCfg = Release|Any CPU
		{320B2364-A3E9-4277-ADA0-2DD23A702755}.Release|Mixed Platforms.Build.0 = Release|Any CPU
		{320B2364-A3E9-4277-ADA0-2DD23A702755}.Release|x86.ActiveCfg = Release|Any CPU
		{56EB7844-6742-400F-9C81-12923CEBB1A3}.Debug|Any CPU.ActiveCfg = Debug|Any CPU
		{56EB7844-6742-400F-9C81-12923CEBB1A3}.Debug|Any CPU.Build.0 = Debug|Any CPU
		{56EB7844-6742-400F-9C81-12923CEBB1A3}.Debug|Mixed Platforms.ActiveCfg = Debug|Any CPU
		{56EB7844-6742-400F-9C81-12923CEBB1A3}.Debug|Mixed Platforms.Build.0 = Debug|Any CPU
		{56EB7844-6742-400F-9C81-12923CEBB1A3}.Debug|x86.ActiveCfg = Debug|Any CPU
		{56EB7844-6742-400F-9C81-12923CEBB1A3}.Release|Any CPU.ActiveCfg = Release|Any CPU
		{56EB7844-6742-400F-9C81-12923CEBB1A3}.Release|Any CPU.Build.0 = Release|Any CPU
		{56EB7844-6742-400F-9C81-12923CEBB1A3}.Release|Mixed Platforms.ActiveCfg = Release|Any CPU
		{56EB7844-6742-400F-9C81-12923CEBB1A3}.Release|Mixed Platforms.Build.0 = Release|Any CPU
		{56EB7844-6742-400F-9C81-12923CEBB1A3}.Release|x86.ActiveCfg = Release|Any CPU
		{6F201229-CD7B-4B09-8DA4-A5BAFDC89F24}.Debug|Any CPU.ActiveCfg = Debug|x86
		{6F201229-CD7B-4B09-8DA4-A5BAFDC89F24}.Debug|Mixed Platforms.ActiveCfg = Debug|x86
		{6F201229-CD7B-4B09-8DA4-A5BAFDC89F24}.Debug|Mixed Platforms.Build.0 = Debug|x86
		{6F201229-CD7B-4B09-8DA4-A5BAFDC89F24}.Debug|x86.ActiveCfg = Debug|x86
		{6F201229-CD7B-4B09-8DA4-A5BAFDC89F24}.Debug|x86.Build.0 = Debug|x86
		{6F201229-CD7B-4B09-8DA4-A5BAFDC89F24}.Release|Any CPU.ActiveCfg = Release|x86
		{6F201229-CD7B-4B09-8DA4-A5BAFDC89F24}.Release|Mixed Platforms.ActiveCfg = Release|x86
		{6F201229-CD7B-4B09-8DA4-A5BAFDC89F24}.Release|Mixed Platforms.Build.0 = Release|x86
		{6F201229-CD7B-4B09-8DA4-A5BAFDC89F24}.Release|x86.ActiveCfg = Release|x86
		{6F201229-CD7B-4B09-8DA4-A5BAFDC89F24}.Release|x86.Build.0 = Release|x86
	EndGlobalSection
	GlobalSection(SolutionProperties) = preSolution
		HideSolutionNode = FALSE
	EndGlobalSection
	GlobalSection(NestedProjects) = preSolution
		{8D760DC3-C867-4104-B225-82EDAA54A056} = {BB6EBE79-BD8E-462D-BCD5-758104A702E4}
		{B909A67D-6B74-4E08-BE52-FCC79FBF3D4D} = {BB6EBE79-BD8E-462D-BCD5-758104A702E4}
		{56EB7844-6742-400F-9C81-12923CEBB1A3} = {978446C9-EC9C-44D7-8F04-63B8B9F8C4B7}
		{320B2364-A3E9-4277-ADA0-2DD23A702755} = {978446C9-EC9C-44D7-8F04-63B8B9F8C4B7}
		{6F201229-CD7B-4B09-8DA4-A5BAFDC89F24} = {6EF1999B-8ED2-42A3-98B0-2A36D0A139B7}
	EndGlobalSection
EndGlobal
